
Microsoft Visual Studio Solution File, Format Version 12.00
# Visual Studio Version 17
VisualStudioVersion = 17.14.36518.9 d17.14
MinimumVisualStudioVersion = 10.0.40219.1
Project("{FAE04EC0-301F-11D3-BF4B-00C04F79EFBC}") = "SeleniumAutomation", "SeleniumAutomation.csproj", "{ACDE10A7-A2C6-4A3D-B6DD-2056E31A8A7F}"
EndProject
Global
	GlobalSection(SolutionConfigurationPlatforms) = preSolution
		Debug|Any CPU = Debug|Any CPU
		Release|Any CPU = Release|Any CPU
	EndGlobalSection
	GlobalSection(ProjectConfigurationPlatforms) = postSolution
		{ACDE10A7-A2C6-4A3D-B6DD-2056E31A8A7F}.Debug|Any CPU.ActiveCfg = Debug|Any CPU
		{ACDE10A7-A2C6-4A3D-B6DD-2056E31A8A7F}.Debug|Any CPU.Build.0 = Debug|Any CPU
		{ACDE10A7-A2C6-4A3D-B6DD-2056E31A8A7F}.Release|Any CPU.ActiveCfg = Release|Any CPU
		{ACDE10A7-A2C6-4A3D-B6DD-2056E31A8A7F}.Release|Any CPU.Build.0 = Release|Any CPU
	EndGlobalSection
	GlobalSection(SolutionProperties) = preSolution
		HideSolutionNode = FALSE
	EndGlobalSection
	GlobalSection(ExtensibilityGlobals) = postSolution
		SolutionGuid = {0D0C9259-7030-44DE-B0E1-B84F5853E440}
	EndGlobalSection
EndGlobal
